
Microsoft Visual Studio Solution File, Format Version 12.00
# Visual Studio 15
Project("{FAE04EC0-301F-11D3-BF4B-00C04F79EFBC}") = "ADACOTEST", "ADACOTEST.csproj", "{80344314-4FA4-4660-AFFD-86C36B83D918}"
EndProject
Global
	GlobalSection(SolutionConfigurationPlatforms) = preSolution
		Debug|Any CPU = Debug|Any CPU
		Release|Any CPU = Release|Any CPU
	EndGlobalSection
	GlobalSection(ProjectConfigurationPlatforms) = postSolution
		{80344314-4FA4-4660-AFFD-86C36B83D918}.Debug|Any CPU.ActiveCfg = Debug|Any CPU
		{80344314-4FA4-4660-AFFD-86C36B83D918}.Debug|Any CPU.Build.0 = Debug|Any CPU
		{80344314-4FA4-4660-AFFD-86C36B83D918}.Release|Any CPU.ActiveCfg = Release|Any CPU
		{80344314-4FA4-4660-AFFD-86C36B83D918}.Release|Any CPU.Build.0 = Release|Any CPU
	EndGlobalSection
EndGlobal
